// !$*UTF8*$!
{
	archiveVersion = 1;
	classes = {
	};
	objectVersion = 46;
	objects = {

/* Begin PBXBuildFile section */
		FAF18B5F1C6E99710025A9C4 /* AppDelegate.swift in Sources */ = {isa = PBXBuildFile; fileRef = FAF18B5E1C6E99710025A9C4 /* AppDelegate.swift */; };
		FAF18B611C6E99710025A9C4 /* ViewController.swift in Sources */ = {isa = PBXBuildFile; fileRef = FAF18B601C6E99710025A9C4 /* ViewController.swift */; };
		FAF18B641C6E99710025A9C4 /* Main.storyboard in Resources */ = {isa = PBXBuildFile; fileRef = FAF18B621C6E99710025A9C4 /* Main.storyboard */; };
		FAF18B661C6E99710025A9C4 /* Assets.xcassets in Resources */ = {isa = PBXBuildFile; fileRef = FAF18B651C6E99710025A9C4 /* Assets.xcassets */; };
		FAF18B691C6E99710025A9C4 /* LaunchScreen.storyboard in Resources */ = {isa = PBXBuildFile; fileRef = FAF18B671C6E99710025A9C4 /* LaunchScreen.storyboard */; };
		FAF18B741C6E99710025A9C4 /* playGroundTests.swift in Sources */ = {isa = PBXBuildFile; fileRef = FAF18B731C6E99710025A9C4 /* playGroundTests.swift */; };
		FAF18B7F1C6E99710025A9C4 /* playGroundUITests.swift in Sources */ = {isa = PBXBuildFile; fileRef = FAF18B7E1C6E99710025A9C4 /* playGroundUITests.swift */; };
/* End PBXBuildFile section */

/* Begin PBXContainerItemProxy section */
		FAF18B701C6E99710025A9C4 /* PBXContainerItemProxy */ = {
			isa = PBXContainerItemProxy;
			containerPortal = FAF18B531C6E99710025A9C4 /* Project object */;
			proxyType = 1;
			remoteGlobalIDString = FAF18B5A1C6E99710025A9C4;
			remoteInfo = playGround;
		};
		FAF18B7B1C6E99710025A9C4 /* PBXContainerItemProxy */ = {
			isa = PBXContainerItemProxy;
			containerPortal = FAF18B531C6E99710025A9C4 /* Project object */;
			proxyType = 1;
			remoteGlobalIDString = FAF18B5A1C6E99710025A9C4;
			remoteInfo = playGround;
		};
/* End PBXContainerItemProxy section */

/* Begin PBXFileReference section */
		FAF18B5B1C6E99710025A9C4 /* playGround.app */ = {isa = PBXFileReference; explicitFileType = wrapper.application; includeInIndex = 0; path = playGround.app; sourceTree = BUILT_PRODUCTS_DIR; };
		FAF18B5E1C6E99710025A9C4 /* AppDelegate.swift */ = {isa = PBXFileReference; lastKnownFileType = sourcecode.swift; path = AppDelegate.swift; sourceTree = "<group>"; };
		FAF18B601C6E99710025A9C4 /* ViewController.swift */ = {isa = PBXFileReference; lastKnownFileType = sourcecode.swift; path = ViewController.swift; sourceTree = "<group>"; };
		FAF18B631C6E99710025A9C4 /* Base */ = {isa = PBXFileReference; lastKnownFileType = file.storyboard; name = Base; path = Base.lproj/Main.storyboard; sourceTree = "<group>"; };
		FAF18B651C6E99710025A9C4 /* Assets.xcassets */ = {isa = PBXFileReference; lastKnownFileType = folder.assetcatalog; path = Assets.xcassets; sourceTree = "<group>"; };
		FAF18B681C6E99710025A9C4 /* Base */ = {isa = PBXFileReference; lastKnownFileType = file.storyboard; name = Base; path = Base.lproj/LaunchScreen.storyboard; sourceTree = "<group>"; };
		FAF18B6A1C6E99710025A9C4 /* Info.plist */ = {isa = PBXFileReference; lastKnownFileType = text.plist.xml; path = Info.plist; sourceTree = "<group>"; };
		FAF18B6F1C6E99710025A9C4 /* playGroundTests.xctest */ = {isa = PBXFileReference; explicitFileType = wrapper.cfbundle; includeInIndex = 0; path = playGroundTests.xctest; sourceTree = BUILT_PRODUCTS_DIR; };
		FAF18B731C6E99710025A9C4 /* playGroundTests.swift */ = {isa = PBXFileReference; lastKnownFileType = sourcecode.swift; path = playGroundTests.swift; sourceTree = "<group>"; };
		FAF18B751C6E99710025A9C4 /* Info.plist */ = {isa = PBXFileReference; lastKnownFileType = text.plist.xml; path = Info.plist; sourceTree = "<group>"; };
		FAF18B7A1C6E99710025A9C4 /* playGroundUITests.xctest */ = {isa = PBXFileReference; explicitFileType = wrapper.cfbundle; includeInIndex = 0; path = playGroundUITests.xctest; sourceTree = BUILT_PRODUCTS_DIR; };
		FAF18B7E1C6E99710025A9C4 /* playGroundUITests.swift */ = {isa = PBXFileReference; lastKnownFileType = sourcecode.swift; path = playGroundUITests.swift; sourceTree = "<group>"; };
		FAF18B801C6E99710025A9C4 /* Info.plist */ = {isa = PBXFileReference; lastKnownFileType = text.plist.xml; path = Info.plist; sourceTree = "<group>"; };
/* End PBXFileReference section */

/* Begin PBXFrameworksBuildPhase section */
		FAF18B581C6E99710025A9C4 /* Frameworks */ = {
			isa = PBXFrameworksBuildPhase;
			buildActionMask = 2147483647;
			files = (
			);
			runOnlyForDeploymentPostprocessing = 0;
		};
		FAF18B6C1C6E99710025A9C4 /* Frameworks */ = {
			isa = PBXFrameworksBuildPhase;
			buildActionMask = 2147483647;
			files = (
			);
			runOnlyForDeploymentPostprocessing = 0;
		};
		FAF18B771C6E99710025A9C4 /* Frameworks */ = {
			isa = PBXFrameworksBuildPhase;
			buildActionMask = 2147483647;
			files = (
			);
			runOnlyForDeploymentPostprocessing = 0;
		};
/* End PBXFrameworksBuildPhase section */

/* Begin PBXGroup section */
		FAF18B521C6E99710025A9C4 = {
			isa = PBXGroup;
			children = (
				FAF18B5D1C6E99710025A9C4 /* playGround */,
				FAF18B721C6E99710025A9C4 /* playGroundTests */,
				FAF18B7D1C6E99710025A9C4 /* playGroundUITests */,
				FAF18B5C1C6E99710025A9C4 /* Products */,
			);
			sourceTree = "<group>";
		};
		FAF18B5C1C6E99710025A9C4 /* Products */ = {
			isa = PBXGroup;
			children = (
				FAF18B5B1C6E99710025A9C4 /* playGround.app */,
				FAF18B6F1C6E99710025A9C4 /* playGroundTests.xctest */,
				FAF18B7A1C6E99710025A9C4 /* playGroundUITests.xctest */,
			);
			name = Products;
			sourceTree = "<group>";
		};
		FAF18B5D1C6E99710025A9C4 /* playGround */ = {
			isa = PBXGroup;
			children = (
				FAF18B5E1C6E99710025A9C4 /* AppDelegate.swift */,
				FAF18B601C6E99710025A9C4 /* ViewController.swift */,
				FAF18B621C6E99710025A9C4 /* Main.storyboard */,
				FAF18B651C6E99710025A9C4 /* Assets.xcassets */,
				FAF18B671C6E99710025A9C4 /* LaunchScreen.storyboard */,
				FAF18B6A1C6E99710025A9C4 /* Info.plist */,
			);
			path = playGround;
			sourceTree = "<group>";
		};
		FAF18B721C6E99710025A9C4 /* playGroundTests */ = {
			isa = PBXGroup;
			children = (
				FAF18B731C6E99710025A9C4 /* playGroundTests.swift */,
				FAF18B751C6E99710025A9C4 /* Info.plist */,
			);
			path = playGroundTests;
			sourceTree = "<group>";
		};
		FAF18B7D1C6E99710025A9C4 /* playGroundUITests */ = {
			isa = PBXGroup;
			children = (
				FAF18B7E1C6E99710025A9C4 /* playGroundUITests.swift */,
				FAF18B801C6E99710025A9C4 /* Info.plist */,
			);
			path = playGroundUITests;
			sourceTree = "<group>";
		};
/* End PBXGroup section */

/* Begin PBXNativeTarget section */
		FAF18B5A1C6E99710025A9C4 /* playGround */ = {
			isa = PBXNativeTarget;
			buildConfigurationList = FAF18B831C6E99710025A9C4 /* Build configuration list for PBXNativeTarget "playGround" */;
			buildPhases = (
				FAF18B571C6E99710025A9C4 /* Sources */,
				FAF18B581C6E99710025A9C4 /* Frameworks */,
				FAF18B591C6E99710025A9C4 /* Resources */,
			);
			buildRules = (
			);
			dependencies = (
			);
			name = playGround;
			productName = playGround;
			productReference = FAF18B5B1C6E99710025A9C4 /* playGround.app */;
			productType = "com.apple.product-type.application";
		};
		FAF18B6E1C6E99710025A9C4 /* playGroundTests */ = {
			isa = PBXNativeTarget;
			buildConfigurationList = FAF18B861C6E99710025A9C4 /* Build configuration list for PBXNativeTarget "playGroundTests" */;
			buildPhases = (
				FAF18B6B1C6E99710025A9C4 /* Sources */,
				FAF18B6C1C6E99710025A9C4 /* Frameworks */,
				FAF18B6D1C6E99710025A9C4 /* Resources */,
			);
			buildRules = (
			);
			dependencies = (
				FAF18B711C6E99710025A9C4 /* PBXTargetDependency */,
			);
			name = playGroundTests;
			productName = playGroundTests;
			productReference = FAF18B6F1C6E99710025A9C4 /* playGroundTests.xctest */;
			productType = "com.apple.product-type.bundle.unit-test";
		};
		FAF18B791C6E99710025A9C4 /* playGroundUITests */ = {
			isa = PBXNativeTarget;
			buildConfigurationList = FAF18B891C6E99710025A9C4 /* Build configuration list for PBXNativeTarget "playGroundUITests" */;
			buildPhases = (
				FAF18B761C6E99710025A9C4 /* Sources */,
				FAF18B771C6E99710025A9C4 /* Frameworks */,
				FAF18B781C6E99710025A9C4 /* Resources */,
			);
			buildRules = (
			);
			dependencies = (
				FAF18B7C1C6E99710025A9C4 /* PBXTargetDependency */,
			);
			name = playGroundUITests;
			productName = playGroundUITests;
			productReference = FAF18B7A1C6E99710025A9C4 /* playGroundUITests.xctest */;
			productType = "com.apple.product-type.bundle.ui-testing";
		};
/* End PBXNativeTarget section */

/* Begin PBXProject section */
		FAF18B531C6E99710025A9C4 /* Project object */ = {
			isa = PBXProject;
			attributes = {
				LastSwiftUpdateCheck = 0720;
				LastUpgradeCheck = 0720;
				ORGANIZATIONNAME = jord3t;
				TargetAttributes = {
					FAF18B5A1C6E99710025A9C4 = {
						CreatedOnToolsVersion = 7.2.1;
					};
					FAF18B6E1C6E99710025A9C4 = {
						CreatedOnToolsVersion = 7.2.1;
						TestTargetID = FAF18B5A1C6E99710025A9C4;
					};
					FAF18B791C6E99710025A9C4 = {
						CreatedOnToolsVersion = 7.2.1;
						TestTargetID = FAF18B5A1C6E99710025A9C4;
					};
				};
			};
			buildConfigurationList = FAF18B561C6E99710025A9C4 /* Build configuration list for PBXProject "playGround" */;
			compatibilityVersion = "Xcode 3.2";
			developmentRegion = English;
			hasScannedForEncodings = 0;
			knownRegions = (
				en,
				Base,
			);
			mainGroup = FAF18B521C6E99710025A9C4;
			productRefGroup = FAF18B5C1C6E99710025A9C4 /* Products */;
			projectDirPath = "";
			projectRoot = "";
			targets = (
				FAF18B5A1C6E99710025A9C4 /* playGround */,
				FAF18B6E1C6E99710025A9C4 /* playGroundTests */,
				FAF18B791C6E99710025A9C4 /* playGroundUITests */,
			);
		};
/* End PBXProject section */

/* Begin PBXResourcesBuildPhase section */
		FAF18B591C6E99710025A9C4 /* Resources */ = {
			isa = PBXResourcesBuildPhase;
			buildActionMask = 2147483647;
			files = (
				FAF18B691C6E99710025A9C4 /* LaunchScreen.storyboard in Resources */,
				FAF18B661C6E99710025A9C4 /* Assets.xcassets in Resources */,
				FAF18B641C6E99710025A9C4 /* Main.storyboard in Resources */,
			);
			runOnlyForDeploymentPostprocessing = 0;
		};
		FAF18B6D1C6E99710025A9C4 /* Resources */ = {
			isa = PBXResourcesBuildPhase;
			buildActionMask = 2147483647;
			files = (
			);
			runOnlyForDeploymentPostprocessing = 0;
		};
		FAF18B781C6E99710025A9C4 /* Resources */ = {
			isa = PBXResourcesBuildPhase;
			buildActionMask = 2147483647;
			files = (
			);
			runOnlyForDeploymentPostprocessing = 0;
		};
/* End PBXResourcesBuildPhase section */

/* Begin PBXSourcesBuildPhase section */
		FAF18B571C6E99710025A9C4 /* Sources */ = {
			isa = PBXSourcesBuildPhase;
			buildActionMask = 2147483647;
			files = (
				FAF18B611C6E99710025A9C4 /* ViewController.swift in Sources */,
				FAF18B5F1C6E99710025A9C4 /* AppDelegate.swift in Sources */,
			);
			runOnlyForDeploymentPostprocessing = 0;
		};
		FAF18B6B1C6E99710025A9C4 /* Sources */ = {
			isa = PBXSourcesBuildPhase;
			buildActionMask = 2147483647;
			files = (
				FAF18B741C6E99710025A9C4 /* playGroundTests.swift in Sources */,
			);
			runOnlyForDeploymentPostprocessing = 0;
		};
		FAF18B761C6E99710025A9C4 /* Sources */ = {
			isa = PBXSourcesBuildPhase;
			buildActionMask = 2147483647;
			files = (
				FAF18B7F1C6E99710025A9C4 /* playGroundUITests.swift in Sources */,
			);
			runOnlyForDeploymentPostprocessing = 0;
		};
/* End PBXSourcesBuildPhase section */

/* Begin PBXTargetDependency section */
		FAF18B711C6E99710025A9C4 /* PBXTargetDependency */ = {
			isa = PBXTargetDependency;
			target = FAF18B5A1C6E99710025A9C4 /* playGround */;
			targetProxy = FAF18B701C6E99710025A9C4 /* PBXContainerItemProxy */;
		};
		FAF18B7C1C6E99710025A9C4 /* PBXTargetDependency */ = {
			isa = PBXTargetDependency;
			target = FAF18B5A1C6E99710025A9C4 /* playGround */;
			targetProxy = FAF18B7B1C6E99710025A9C4 /* PBXContainerItemProxy */;
		};
/* End PBXTargetDependency section */

/* Begin PBXVariantGroup section */
		FAF18B621C6E99710025A9C4 /* Main.storyboard */ = {
			isa = PBXVariantGroup;
			children = (
				FAF18B631C6E99710025A9C4 /* Base */,
			);
			name = Main.storyboard;
			sourceTree = "<group>";
		};
		FAF18B671C6E99710025A9C4 /* LaunchScreen.storyboard */ = {
			isa = PBXVariantGroup;
			children = (
				FAF18B681C6E99710025A9C4 /* Base */,
			);
			name = LaunchScreen.storyboard;
			sourceTree = "<group>";
		};
/* End PBXVariantGroup section */

/* Begin XCBuildConfiguration section */
		FAF18B811C6E99710025A9C4 /* Debug */ = {
			isa = XCBuildConfiguration;
			buildSettings = {
				ALWAYS_SEARCH_USER_PATHS = NO;
				CLANG_CXX_LANGUAGE_STANDARD = "gnu++0x";
				CLANG_CXX_LIBRARY = "libc++";
				CLANG_ENABLE_MODULES = YES;
				CLANG_ENABLE_OBJC_ARC = YES;
				CLANG_WARN_BOOL_CONVERSION = YES;
				CLANG_WARN_CONSTANT_CONVERSION = YES;
				CLANG_WARN_DIRECT_OBJC_ISA_USAGE = YES_ERROR;
				CLANG_WARN_EMPTY_BODY = YES;
				CLANG_WARN_ENUM_CONVERSION = YES;
				CLANG_WARN_INT_CONVERSION = YES;
				CLANG_WARN_OBJC_ROOT_CLASS = YES_ERROR;
				CLANG_WARN_UNREACHABLE_CODE = YES;
				CLANG_WARN__DUPLICATE_METHOD_MATCH = YES;
				"CODE_SIGN_IDENTITY[sdk=iphoneos*]" = "iPhone Developer";
				COPY_PHASE_STRIP = NO;
				DEBUG_INFORMATION_FORMAT = dwarf;
				ENABLE_STRICT_OBJC_MSGSEND = YES;
				ENABLE_TESTABILITY = YES;
				GCC_C_LANGUAGE_STANDARD = gnu99;
				GCC_DYNAMIC_NO_PIC = NO;
				GCC_NO_COMMON_BLOCKS = YES;
				GCC_OPTIMIZATION_LEVEL = 0;
				GCC_PREPROCESSOR_DEFINITIONS = (
					"DEBUG=1",
					"$(inherited)",
				);
				GCC_WARN_64_TO_32_BIT_CONVERSION = YES;
				GCC_WARN_ABOUT_RETURN_TYPE = YES_ERROR;
				GCC_WARN_UNDECLARED_SELECTOR = YES;
				GCC_WARN_UNINITIALIZED_AUTOS = YES_AGGRESSIVE;
				GCC_WARN_UNUSED_FUNCTION = YES;
				GCC_WARN_UNUSED_VARIABLE = YES;
				IPHONEOS_DEPLOYMENT_TARGET = 9.2;
				MTL_ENABLE_DEBUG_INFO = YES;
				ONLY_ACTIVE_ARCH = YES;
				SDKROOT = iphoneos;
				SWIFT_OPTIMIZATION_LEVEL = "-Onone";
				TARGETED_DEVICE_FAMILY = "1,2";
			};
			name = Debug;
		};
		FAF18B821C6E99710025A9C4 /* Release */ = {
			isa = XCBuildConfiguration;
			buildSettings = {
				ALWAYS_SEARCH_USER_PATHS = NO;
				CLANG_CXX_LANGUAGE_STANDARD = "gnu++0x";
				CLANG_CXX_LIBRARY = "libc++";
				CLANG_ENABLE_MODULES = YES;
				CLANG_ENABLE_OBJC_ARC = YES;
				CLANG_WARN_BOOL_CONVERSION = YES;
				CLANG_WARN_CONSTANT_CONVERSION = YES;
				CLANG_WARN_DIRECT_OBJC_ISA_USAGE = YES_ERROR;
				CLANG_WARN_EMPTY_BODY = YES;
				CLANG_WARN_ENUM_CONVERSION = YES;
				CLANG_WARN_INT_CONVERSION = YES;
				CLANG_WARN_OBJC_ROOT_CLASS = YES_ERROR;
				CLANG_WARN_UNREACHABLE_CODE = YES;
				CLANG_WARN__DUPLICATE_METHOD_MATCH = YES;
				"CODE_SIGN_IDENTITY[sdk=iphoneos*]" = "iPhone Developer";
				COPY_PHASE_STRIP = NO;
				DEBUG_INFORMATION_FORMAT = "dwarf-with-dsym";
				ENABLE_NS_ASSERTIONS = NO;
				ENABLE_STRICT_OBJC_MSGSEND = YES;
				GCC_C_LANGUAGE_STANDARD = gnu99;
				GCC_NO_COMMON_BLOCKS = YES;
				GCC_WARN_64_TO_32_BIT_CONVERSION = YES;
				GCC_WARN_ABOUT_RETURN_TYPE = YES_ERROR;
				GCC_WARN_UNDECLARED_SELECTOR = YES;
				GCC_WARN_UNINITIALIZED_AUTOS = YES_AGGRESSIVE;
				GCC_WARN_UNUSED_FUNCTION = YES;
				GCC_WARN_UNUSED_VARIABLE = YES;
				IPHONEOS_DEPLOYMENT_TARGET = 9.2;
				MTL_ENABLE_DEBUG_INFO = NO;
				SDKROOT = iphoneos;
				TARGETED_DEVICE_FAMILY = "1,2";
				VALIDATE_PRODUCT = YES;
			};
			name = Release;
		};
		FAF18B841C6E99710025A9C4 /* Debug */ = {
			isa = XCBuildConfiguration;
			buildSettings = {
				ASSETCATALOG_COMPILER_APPICON_NAME = AppIcon;
				INFOPLIST_FILE = playGround/Info.plist;
				LD_RUNPATH_SEARCH_PATHS = "$(inherited) @executable_path/Frameworks";
				PRODUCT_BUNDLE_IDENTIFIER = com.trevor.jordet.playGround;
				PRODUCT_NAME = "$(TARGET_NAME)";
			};
			name = Debug;
		};
		FAF18B851C6E99710025A9C4 /* Release */ = {
			isa = XCBuildConfiguration;
			buildSettings = {
				ASSETCATALOG_COMPILER_APPICON_NAME = AppIcon;
				INFOPLIST_FILE = playGround/Info.plist;
				LD_RUNPATH_SEARCH_PATHS = "$(inherited) @executable_path/Frameworks";
				PRODUCT_BUNDLE_IDENTIFIER = com.trevor.jordet.playGround;
				PRODUCT_NAME = "$(TARGET_NAME)";
			};
			name = Release;
		};
		FAF18B871C6E99710025A9C4 /* Debug */ = {
			isa = XCBuildConfiguration;
			buildSettings = {
				BUNDLE_LOADER = "$(TEST_HOST)";
				INFOPLIST_FILE = playGroundTests/Info.plist;
				LD_RUNPATH_SEARCH_PATHS = "$(inherited) @executable_path/Frameworks @loader_path/Frameworks";
				PRODUCT_BUNDLE_IDENTIFIER = com.trevor.jordet.playGroundTests;
				PRODUCT_NAME = "$(TARGET_NAME)";
				TEST_HOST = "$(BUILT_PRODUCTS_DIR)/playGround.app/playGround";
			};
			name = Debug;
		};
		FAF18B881C6E99710025A9C4 /* Release */ = {
			isa = XCBuildConfiguration;
			buildSettings = {
				BUNDLE_LOADER = "$(TEST_HOST)";
				INFOPLIST_FILE = playGroundTests/Info.plist;
				LD_RUNPATH_SEARCH_PATHS = "$(inherited) @executable_path/Frameworks @loader_path/Frameworks";
				PRODUCT_BUNDLE_IDENTIFIER = com.trevor.jordet.playGroundTests;
				PRODUCT_NAME = "$(TARGET_NAME)";
				TEST_HOST = "$(BUILT_PRODUCTS_DIR)/playGround.app/playGround";
			};
			name = Release;
		};
		FAF18B8A1C6E99710025A9C4 /* Debug */ = {
			isa = XCBuildConfiguration;
			buildSettings = {
				INFOPLIST_FILE = playGroundUITests/Info.plist;
				LD_RUNPATH_SEARCH_PATHS = "$(inherited) @executable_path/Frameworks @loader_path/Frameworks";
				PRODUCT_BUNDLE_IDENTIFIER = com.trevor.jordet.playGroundUITests;
				PRODUCT_NAME = "$(TARGET_NAME)";
				TEST_TARGET_NAME = playGround;
				USES_XCTRUNNER = YES;
			};
			name = Debug;
		};
		FAF18B8B1C6E99710025A9C4 /* Release */ = {
			isa = XCBuildConfiguration;
			buildSettings = {
				INFOPLIST_FILE = playGroundUITests/Info.plist;
				LD_RUNPATH_SEARCH_PATHS = "$(inherited) @executable_path/Frameworks @loader_path/Frameworks";
				PRODUCT_BUNDLE_IDENTIFIER = com.trevor.jordet.playGroundUITests;
				PRODUCT_NAME = "$(TARGET_NAME)";
				TEST_TARGET_NAME = playGround;
				USES_XCTRUNNER = YES;
			};
			name = Release;
		};
/* End XCBuildConfiguration section */

/* Begin XCConfigurationList section */
		FAF18B561C6E99710025A9C4 /* Build configuration list for PBXProject "playGround" */ = {
			isa = XCConfigurationList;
			buildConfigurations = (
				FAF18B811C6E99710025A9C4 /* Debug */,
				FAF18B821C6E99710025A9C4 /* Release */,
			);
			defaultConfigurationIsVisible = 0;
			defaultConfigurationName = Release;
		};
		FAF18B831C6E99710025A9C4 /* Build configuration list for PBXNativeTarget "playGround" */ = {
			isa = XCConfigurationList;
			buildConfigurations = (
				FAF18B841C6E99710025A9C4 /* Debug */,
				FAF18B851C6E99710025A9C4 /* Release */,
			);
			defaultConfigurationIsVisible = 0;
		};
		FAF18B861C6E99710025A9C4 /* Build configuration list for PBXNativeTarget "playGroundTests" */ = {
			isa = XCConfigurationList;
			buildConfigurations = (
				FAF18B871C6E99710025A9C4 /* Debug */,
				FAF18B881C6E99710025A9C4 /* Release */,
			);
			defaultConfigurationIsVisible = 0;
		};
		FAF18B891C6E99710025A9C4 /* Build configuration list for PBXNativeTarget "playGroundUITests" */ = {
			isa = XCConfigurationList;
			buildConfigurations = (
				FAF18B8A1C6E99710025A9C4 /* Debug */,
				FAF18B8B1C6E99710025A9C4 /* Release */,
			);
			defaultConfigurationIsVisible = 0;
		};
/* End XCConfigurationList section */
	};
	rootObject = FAF18B531C6E99710025A9C4 /* Project object */;
}
